[[package]]
name = "json-api"
version = "0.1.22"
description = "Make you focus on writting business logic code, just return dict data for API, or other Response directly."
category = "dev"
optional = false
python-versions = "*"

[metadata]
lock-version = "1.1"
python-versions = "*"
content-hash = "bf9ea4d117c9d17d58743f13904b78748e3f99dfb36c35c90c748d9e934584c6"

[metadata.files]
json-api = [
    {file = "json_api-0.1.22-py3-none-any.whl", hash = "sha256:fd772f022fe037e69749f8d1f1cc867d5a86c0eebc1c36ff201abac0b416e215"},
]
